
Microsoft Visual Studio Solution File, Format Version 12.00
# Visual Studio Version 16
VisualStudioVersion = 16.0.31624.102
MinimumVisualStudioVersion = 10.0.40219.1
Project("{FAE04EC0-301F-11D3-BF4B-00C04F79EFBC}") = "P3_code", "P3_code.csproj", "{31ACCC5C-4C3A-4A34-B3D3-0759CE1F66C9}"
EndProject
Project("{FAE04EC0-301F-11D3-BF4B-00C04F79EFBC}") = "UnitTestFakeAppUserRepository", "UnitTestFakeAppUserRepository\UnitTestFakeAppUserRepository.csproj", "{4C147409-3985-4D70-B8D6-BE7E453FB812}"
EndProject
Project("{FAE04EC0-301F-11D3-BF4B-00C04F79EFBC}") = "P4_code", "P4_code\P4_code.csproj", "{6FA49B08-0E87-4420-8B5B-CDAADF8B47FE}"
EndProject
Global
	GlobalSection(SolutionConfigurationPlatforms) = preSolution
		Debug|Any CPU = Debug|Any CPU
		Release|Any CPU = Release|Any CPU
	EndGlobalSection
	GlobalSection(ProjectConfigurationPlatforms) = postSolution
		{31ACCC5C-4C3A-4A34-B3D3-0759CE1F66C9}.Debug|Any CPU.ActiveCfg = Debug|Any CPU
		{31ACCC5C-4C3A-4A34-B3D3-0759CE1F66C9}.Debug|Any CPU.Build.0 = Debug|Any CPU
		{31ACCC5C-4C3A-4A34-B3D3-0759CE1F66C9}.Release|Any CPU.ActiveCfg = Release|Any CPU
		{31ACCC5C-4C3A-4A34-B3D3-0759CE1F66C9}.Release|Any CPU.Build.0 = Release|Any CPU
		{4C147409-3985-4D70-B8D6-BE7E453FB812}.Debug|Any CPU.ActiveCfg = Debug|Any CPU
		{4C147409-3985-4D70-B8D6-BE7E453FB812}.Debug|Any CPU.Build.0 = Debug|Any CPU
		{4C147409-3985-4D70-B8D6-BE7E453FB812}.Release|Any CPU.ActiveCfg = Release|Any CPU
		{4C147409-3985-4D70-B8D6-BE7E453FB812}.Release|Any CPU.Build.0 = Release|Any CPU
		{6FA49B08-0E87-4420-8B5B-CDAADF8B47FE}.Debug|Any CPU.ActiveCfg = Debug|Any CPU
		{6FA49B08-0E87-4420-8B5B-CDAADF8B47FE}.Debug|Any CPU.Build.0 = Debug|Any CPU
		{6FA49B08-0E87-4420-8B5B-CDAADF8B47FE}.Release|Any CPU.ActiveCfg = Release|Any CPU
		{6FA49B08-0E87-4420-8B5B-CDAADF8B47FE}.Release|Any CPU.Build.0 = Release|Any CPU
	EndGlobalSection
	GlobalSection(SolutionProperties) = preSolution
		HideSolutionNode = FALSE
	EndGlobalSection
	GlobalSection(ExtensibilityGlobals) = postSolution
		SolutionGuid = {41A05435-8A7B-404E-A5E3-6ABE6B387884}
	EndGlobalSection
EndGlobal
